// !$*UTF8*$!
{
	archiveVersion = 1;
	classes = {
	};
	objectVersion = 50;
	objects = {

/* Begin PBXBuildFile section */
		701B0DD32549BB6B00D2EEEE /* AppDelegate.swift in Sources */ = {isa = PBXBuildFile; fileRef = 701B0DD22549BB6B00D2EEEE /* AppDelegate.swift */; };
		701B0DD52549BB6B00D2EEEE /* SceneDelegate.swift in Sources */ = {isa = PBXBuildFile; fileRef = 701B0DD42549BB6B00D2EEEE /* SceneDelegate.swift */; };
		701B0DD72549BB6B00D2EEEE /* ContentView.swift in Sources */ = {isa = PBXBuildFile; fileRef = 701B0DD62549BB6B00D2EEEE /* ContentView.swift */; };
		701B0DD92549BB6C00D2EEEE /* Assets.xcassets in Resources */ = {isa = PBXBuildFile; fileRef = 701B0DD82549BB6C00D2EEEE /* Assets.xcassets */; };
		701B0DDC2549BB6C00D2EEEE /* Preview Assets.xcassets in Resources */ = {isa = PBXBuildFile; fileRef = 701B0DDB2549BB6C00D2EEEE /* Preview Assets.xcassets */; };
		701B0DDF2549BB6C00D2EEEE /* LaunchScreen.storyboard in Resources */ = {isa = PBXBuildFile; fileRef = 701B0DDD2549BB6C00D2EEEE /* LaunchScreen.storyboard */; };
		701B0DE72549C87F00D2EEEE /* SwiftUIViewTest.swift in Sources */ = {isa = PBXBuildFile; fileRef = 701B0DE62549C87F00D2EEEE /* SwiftUIViewTest.swift */; };
		70C75DFE25503AD7005D4AD6 /* MemoryGame.swift in Sources */ = {isa = PBXBuildFile; fileRef = 70C75DFD25503AD7005D4AD6 /* MemoryGame.swift */; };
		70C75E00255044B7005D4AD6 /* EmojiMemoryGame.swift in Sources */ = {isa = PBXBuildFile; fileRef = 70C75DFF255044B7005D4AD6 /* EmojiMemoryGame.swift */; };
/* End PBXBuildFile section */

/* Begin PBXFileReference section */
		701B0DCF2549BB6B00D2EEEE /* MemorizeGame.app */ = {isa = PBXFileReference; explicitFileType = wrapper.application; includeInIndex = 0; path = MemorizeGame.app; sourceTree = BUILT_PRODUCTS_DIR; };
		701B0DD22549BB6B00D2EEEE /* AppDelegate.swift */ = {isa = PBXFileReference; lastKnownFileType = sourcecode.swift; path = AppDelegate.swift; sourceTree = "<group>"; };
		701B0DD42549BB6B00D2EEEE /* SceneDelegate.swift */ = {isa = PBXFileReference; lastKnownFileType = sourcecode.swift; path = SceneDelegate.swift; sourceTree = "<group>"; };
		701B0DD62549BB6B00D2EEEE /* ContentView.swift */ = {isa = PBXFileReference; lastKnownFileType = sourcecode.swift; path = ContentView.swift; sourceTree = "<group>"; };
		701B0DD82549BB6C00D2EEEE /* Assets.xcassets */ = {isa = PBXFileReference; lastKnownFileType = folder.assetcatalog; path = Assets.xcassets; sourceTree = "<group>"; };
		701B0DDB2549BB6C00D2EEEE /* Preview Assets.xcassets */ = {isa = PBXFileReference; lastKnownFileType = folder.assetcatalog; path = "Preview Assets.xcassets"; sourceTree = "<group>"; };
		701B0DDE2549BB6C00D2EEEE /* Base */ = {isa = PBXFileReference; lastKnownFileType = file.storyboard; name = Base; path = Base.lproj/LaunchScreen.storyboard; sourceTree = "<group>"; };
		701B0DE02549BB6C00D2EEEE /* Info.plist */ = {isa = PBXFileReference; lastKnownFileType = text.plist.xml; path = Info.plist; sourceTree = "<group>"; };
		701B0DE62549C87F00D2EEEE /* SwiftUIViewTest.swift */ = {isa = PBXFileReference; lastKnownFileType = sourcecode.swift; path = SwiftUIViewTest.swift; sourceTree = "<group>"; };
		70C75DFD25503AD7005D4AD6 /* MemoryGame.swift */ = {isa = PBXFileReference; lastKnownFileType = sourcecode.swift; path = MemoryGame.swift; sourceTree = "<group>"; };
		70C75DFF255044B7005D4AD6 /* EmojiMemoryGame.swift */ = {isa = PBXFileReference; lastKnownFileType = sourcecode.swift; path = EmojiMemoryGame.swift; sourceTree = "<group>"; };
/* End PBXFileReference section */

/* Begin PBXFrameworksBuildPhase section */
		701B0DCC2549BB6B00D2EEEE /* Frameworks */ = {
			isa = PBXFrameworksBuildPhase;
			buildActionMask = 2147483647;
			files = (
			);
			runOnlyForDeploymentPostprocessing = 0;
		};
/* End PBXFrameworksBuildPhase section */

/* Begin PBXGroup section */
		701B0DC62549BB6B00D2EEEE = {
			isa = PBXGroup;
			children = (
				701B0DD12549BB6B00D2EEEE /* MemorizeGame */,
				701B0DD02549BB6B00D2EEEE /* Products */,
			);
			sourceTree = "<group>";
		};
		701B0DD02549BB6B00D2EEEE /* Products */ = {
			isa = PBXGroup;
			children = (
				701B0DCF2549BB6B00D2EEEE /* MemorizeGame.app */,
			);
			name = Products;
			sourceTree = "<group>";
		};
		701B0DD12549BB6B00D2EEEE /* MemorizeGame */ = {
			isa = PBXGroup;
			children = (
				701B0DD22549BB6B00D2EEEE /* AppDelegate.swift */,
				701B0DD42549BB6B00D2EEEE /* SceneDelegate.swift */,
				701B0DD62549BB6B00D2EEEE /* ContentView.swift */,
				70C75DFD25503AD7005D4AD6 /* MemoryGame.swift */,
				70C75DFF255044B7005D4AD6 /* EmojiMemoryGame.swift */,
				701B0DE62549C87F00D2EEEE /* SwiftUIViewTest.swift */,
				701B0DD82549BB6C00D2EEEE /* Assets.xcassets */,
				701B0DDD2549BB6C00D2EEEE /* LaunchScreen.storyboard */,
				701B0DE02549BB6C00D2EEEE /* Info.plist */,
				701B0DDA2549BB6C00D2EEEE /* Preview Content */,
			);
			path = MemorizeGame;
			sourceTree = "<group>";
		};
		701B0DDA2549BB6C00D2EEEE /* Preview Content */ = {
			isa = PBXGroup;
			children = (
				701B0DDB2549BB6C00D2EEEE /* Preview Assets.xcassets */,
			);
			path = "Preview Content";
			sourceTree = "<group>";
		};
/* End PBXGroup section */

/* Begin PBXNativeTarget section */
		701B0DCE2549BB6B00D2EEEE /* MemoryGame */ = {
			isa = PBXNativeTarget;
			buildConfigurationList = 701B0DE32549BB6C00D2EEEE /* Build configuration list for PBXNativeTarget "MemorizeGame" */;
			buildPhases = (
				701B0DCB2549BB6B00D2EEEE /* Sources */,
				701B0DCC2549BB6B00D2EEEE /* Frameworks */,
				701B0DCD2549BB6B00D2EEEE /* Resources */,
			);
			buildRules = (
			);
			dependencies = (
			);
			name = MemorizeGame;
			productName = MemorizeGame;
			productReference = 701B0DCF2549BB6B00D2EEEE /* MemorizeGame.app */;
			productType = "com.apple.product-type.application";
		};
/* End PBXNativeTarget section */

/* Begin PBXProject section */
		701B0DC72549BB6B00D2EEEE /* Project object */ = {
			isa = PBXProject;
			attributes = {
				LastSwiftUpdateCheck = 1150;
				LastUpgradeCheck = 1150;
				ORGANIZATIONNAME = xgqfrms;
				TargetAttributes = {
					701B0DCE2549BB6B00D2EEEE = {
						CreatedOnToolsVersion = 11.5;
					};
				};
			};
			buildConfigurationList = 701B0DCA2549BB6B00D2EEEE /* Build configuration list for PBXProject "MemorizeGame" */;
			compatibilityVersion = "Xcode 9.3";
			developmentRegion = en;
			hasScannedForEncodings = 0;
			knownRegions = (
				en,
				Base,
			);
			mainGroup = 701B0DC62549BB6B00D2EEEE;
			productRefGroup = 701B0DD02549BB6B00D2EEEE /* Products */;
			projectDirPath = "";
			projectRoot = "";
			targets = (
				701B0DCE2549BB6B00D2EEEE /* MemorizeGame */,
			);
		};
/* End PBXProject section */

/* Begin PBXResourcesBuildPhase section */
		701B0DCD2549BB6B00D2EEEE /* Resources */ = {
			isa = PBXResourcesBuildPhase;
			buildActionMask = 2147483647;
			files = (
				701B0DDF2549BB6C00D2EEEE /* LaunchScreen.storyboard in Resources */,
				701B0DDC2549BB6C00D2EEEE /* Preview Assets.xcassets in Resources */,
				701B0DD92549BB6C00D2EEEE /* Assets.xcassets in Resources */,
			);
			runOnlyForDeploymentPostprocessing = 0;
		};
/* End PBXResourcesBuildPhase section */

/* Begin PBXSourcesBuildPhase section */
		701B0DCB2549BB6B00D2EEEE /* Sources */ = {
			isa = PBXSourcesBuildPhase;
			buildActionMask = 2147483647;
			files = (
				701B0DD32549BB6B00D2EEEE /* AppDelegate.swift in Sources */,
				701B0DD52549BB6B00D2EEEE /* SceneDelegate.swift in Sources */,
				70C75E00255044B7005D4AD6 /* EmojiMemoryGame.swift in Sources */,
				701B0DE72549C87F00D2EEEE /* SwiftUIViewTest.swift in Sources */,
				70C75DFE25503AD7005D4AD6 /* MemoryGame.swift in Sources */,
				701B0DD72549BB6B00D2EEEE /* ContentView.swift in Sources */,
			);
			runOnlyForDeploymentPostprocessing = 0;
		};
/* End PBXSourcesBuildPhase section */

/* Begin PBXVariantGroup section */
		701B0DDD2549BB6C00D2EEEE /* LaunchScreen.storyboard */ = {
			isa = PBXVariantGroup;
			children = (
				701B0DDE2549BB6C00D2EEEE /* Base */,
			);
			name = LaunchScreen.storyboard;
			sourceTree = "<group>";
		};
/* End PBXVariantGroup section */

/* Begin XCBuildConfiguration section */
		701B0DE12549BB6C00D2EEEE /* Debug */ = {
			isa = XCBuildConfiguration;
			buildSettings = {
				ALWAYS_SEARCH_USER_PATHS = NO;
				CLANG_ANALYZER_NONNULL = YES;
				CLANG_ANALYZER_NUMBER_OBJECT_CONVERSION = YES_AGGRESSIVE;
				CLANG_CXX_LANGUAGE_STANDARD = "gnu++14";
				CLANG_CXX_LIBRARY = "libc++";
				CLANG_ENABLE_MODULES = YES;
				CLANG_ENABLE_OBJC_ARC = YES;
				CLANG_ENABLE_OBJC_WEAK = YES;
				CLANG_WARN_BLOCK_CAPTURE_AUTORELEASING = YES;
				CLANG_WARN_BOOL_CONVERSION = YES;
				CLANG_WARN_COMMA = YES;
				CLANG_WARN_CONSTANT_CONVERSION = YES;
				CLANG_WARN_DEPRECATED_OBJC_IMPLEMENTATIONS = YES;
				CLANG_WARN_DIRECT_OBJC_ISA_USAGE = YES_ERROR;
				CLANG_WARN_DOCUMENTATION_COMMENTS = YES;
				CLANG_WARN_EMPTY_BODY = YES;
				CLANG_WARN_ENUM_CONVERSION = YES;
				CLANG_WARN_INFINITE_RECURSION = YES;
				CLANG_WARN_INT_CONVERSION = YES;
				CLANG_WARN_NON_LITERAL_NULL_CONVERSION = YES;
				CLANG_WARN_OBJC_IMPLICIT_RETAIN_SELF = YES;
				CLANG_WARN_OBJC_LITERAL_CONVERSION = YES;
				CLANG_WARN_OBJC_ROOT_CLASS = YES_ERROR;
				CLANG_WARN_RANGE_LOOP_ANALYSIS = YES;
				CLANG_WARN_STRICT_PROTOTYPES = YES;
				CLANG_WARN_SUSPICIOUS_MOVE = YES;
				CLANG_WARN_UNGUARDED_AVAILABILITY = YES_AGGRESSIVE;
				CLANG_WARN_UNREACHABLE_CODE = YES;
				CLANG_WARN__DUPLICATE_METHOD_MATCH = YES;
				COPY_PHASE_STRIP = NO;
				DEBUG_INFORMATION_FORMAT = dwarf;
				ENABLE_STRICT_OBJC_MSGSEND = YES;
				ENABLE_TESTABILITY = YES;
				GCC_C_LANGUAGE_STANDARD = gnu11;
				GCC_DYNAMIC_NO_PIC = NO;
				GCC_NO_COMMON_BLOCKS = YES;
				GCC_OPTIMIZATION_LEVEL = 0;
				GCC_PREPROCESSOR_DEFINITIONS = (
					"DEBUG=1",
					"$(inherited)",
				);
				GCC_WARN_64_TO_32_BIT_CONVERSION = YES;
				GCC_WARN_ABOUT_RETURN_TYPE = YES_ERROR;
				GCC_WARN_UNDECLARED_SELECTOR = YES;
				GCC_WARN_UNINITIALIZED_AUTOS = YES_AGGRESSIVE;
				GCC_WARN_UNUSED_FUNCTION = YES;
				GCC_WARN_UNUSED_VARIABLE = YES;
				IPHONEOS_DEPLOYMENT_TARGET = 13.5;
				MTL_ENABLE_DEBUG_INFO = INCLUDE_SOURCE;
				MTL_FAST_MATH = YES;
				ONLY_ACTIVE_ARCH = YES;
				SDKROOT = iphoneos;
				SWIFT_ACTIVE_COMPILATION_CONDITIONS = DEBUG;
				SWIFT_OPTIMIZATION_LEVEL = "-Onone";
			};
			name = Debug;
		};
		701B0DE22549BB6C00D2EEEE /* Release */ = {
			isa = XCBuildConfiguration;
			buildSettings = {
				ALWAYS_SEARCH_USER_PATHS = NO;
				CLANG_ANALYZER_NONNULL = YES;
				CLANG_ANALYZER_NUMBER_OBJECT_CONVERSION = YES_AGGRESSIVE;
				CLANG_CXX_LANGUAGE_STANDARD = "gnu++14";
				CLANG_CXX_LIBRARY = "libc++";
				CLANG_ENABLE_MODULES = YES;
				CLANG_ENABLE_OBJC_ARC = YES;
				CLANG_ENABLE_OBJC_WEAK = YES;
				CLANG_WARN_BLOCK_CAPTURE_AUTORELEASING = YES;
				CLANG_WARN_BOOL_CONVERSION = YES;
				CLANG_WARN_COMMA = YES;
				CLANG_WARN_CONSTANT_CONVERSION = YES;
				CLANG_WARN_DEPRECATED_OBJC_IMPLEMENTATIONS = YES;
				CLANG_WARN_DIRECT_OBJC_ISA_USAGE = YES_ERROR;
				CLANG_WARN_DOCUMENTATION_COMMENTS = YES;
				CLANG_WARN_EMPTY_BODY = YES;
				CLANG_WARN_ENUM_CONVERSION = YES;
				CLANG_WARN_INFINITE_RECURSION = YES;
				CLANG_WARN_INT_CONVERSION = YES;
				CLANG_WARN_NON_LITERAL_NULL_CONVERSION = YES;
				CLANG_WARN_OBJC_IMPLICIT_RETAIN_SELF = YES;
				CLANG_WARN_OBJC_LITERAL_CONVERSION = YES;
				CLANG_WARN_OBJC_ROOT_CLASS = YES_ERROR;
				CLANG_WARN_RANGE_LOOP_ANALYSIS = YES;
				CLANG_WARN_STRICT_PROTOTYPES = YES;
				CLANG_WARN_SUSPICIOUS_MOVE = YES;
				CLANG_WARN_UNGUARDED_AVAILABILITY = YES_AGGRESSIVE;
				CLANG_WARN_UNREACHABLE_CODE = YES;
				CLANG_WARN__DUPLICATE_METHOD_MATCH = YES;
				COPY_PHASE_STRIP = NO;
				DEBUG_INFORMATION_FORMAT = "dwarf-with-dsym";
				ENABLE_NS_ASSERTIONS = NO;
				ENABLE_STRICT_OBJC_MSGSEND = YES;
				GCC_C_LANGUAGE_STANDARD = gnu11;
				GCC_NO_COMMON_BLOCKS = YES;
				GCC_WARN_64_TO_32_BIT_CONVERSION = YES;
				GCC_WARN_ABOUT_RETURN_TYPE = YES_ERROR;
				GCC_WARN_UNDECLARED_SELECTOR = YES;
				GCC_WARN_UNINITIALIZED_AUTOS = YES_AGGRESSIVE;
				GCC_WARN_UNUSED_FUNCTION = YES;
				GCC_WARN_UNUSED_VARIABLE = YES;
				IPHONEOS_DEPLOYMENT_TARGET = 13.5;
				MTL_ENABLE_DEBUG_INFO = NO;
				MTL_FAST_MATH = YES;
				SDKROOT = iphoneos;
				SWIFT_COMPILATION_MODE = wholemodule;
				SWIFT_OPTIMIZATION_LEVEL = "-O";
				VALIDATE_PRODUCT = YES;
			};
			name = Release;
		};
		701B0DE42549BB6C00D2EEEE /* Debug */ = {
			isa = XCBuildConfiguration;
			buildSettings = {
				ASSETCATALOG_COMPILER_APPICON_NAME = AppIcon;
				CODE_SIGN_STYLE = Automatic;
				DEVELOPMENT_ASSET_PATHS = "\"MemorizeGame/Preview Content\"";
				DEVELOPMENT_TEAM = GPGP7L32J5;
				ENABLE_PREVIEWS = YES;
				INFOPLIST_FILE = MemorizeGame/Info.plist;
				LD_RUNPATH_SEARCH_PATHS = (
					"$(inherited)",
					"@executable_path/Frameworks",
				);
				PRODUCT_BUNDLE_IDENTIFIER = xyz.xgqfrms.app.MemorizeGame;
				PRODUCT_NAME = "$(TARGET_NAME)";
				SWIFT_VERSION = 5.0;
				TARGETED_DEVICE_FAMILY = "1,2";
			};
			name = Debug;
		};
		701B0DE52549BB6C00D2EEEE /* Release */ = {
			isa = XCBuildConfiguration;
			buildSettings = {
				ASSETCATALOG_COMPILER_APPICON_NAME = AppIcon;
				CODE_SIGN_STYLE = Automatic;
				DEVELOPMENT_ASSET_PATHS = "\"MemorizeGame/Preview Content\"";
				DEVELOPMENT_TEAM = GPGP7L32J5;
				ENABLE_PREVIEWS = YES;
				INFOPLIST_FILE = MemorizeGame/Info.plist;
				LD_RUNPATH_SEARCH_PATHS = (
					"$(inherited)",
					"@executable_path/Frameworks",
				);
				PRODUCT_BUNDLE_IDENTIFIER = xyz.xgqfrms.app.MemorizeGame;
				PRODUCT_NAME = "$(TARGET_NAME)";
				SWIFT_VERSION = 5.0;
				TARGETED_DEVICE_FAMILY = "1,2";
			};
			name = Release;
		};
/* End XCBuildConfiguration section */

/* Begin XCConfigurationList section */
		701B0DCA2549BB6B00D2EEEE /* Build configuration list for PBXProject "MemorizeGame" */ = {
			isa = XCConfigurationList;
			buildConfigurations = (
				701B0DE12549BB6C00D2EEEE /* Debug */,
				701B0DE22549BB6C00D2EEEE /* Release */,
			);
			defaultConfigurationIsVisible = 0;
			defaultConfigurationName = Release;
		};
		701B0DE32549BB6C00D2EEEE /* Build configuration list for PBXNativeTarget "MemorizeGame" */ = {
			isa = XCConfigurationList;
			buildConfigurations = (
				701B0DE42549BB6C00D2EEEE /* Debug */,
				701B0DE52549BB6C00D2EEEE /* Release */,
			);
			defaultConfigurationIsVisible = 0;
			defaultConfigurationName = Release;
		};
/* End XCConfigurationList section */
	};
	rootObject = 701B0DC72549BB6B00D2EEEE /* Project object */;
}
